// !$*UTF8*$!
{
	archiveVersion = 1;
	classes = {
	};
	objectVersion = 45;
	objects = {

/* Begin PBXBuildFile section */
		5212AE0F0CE75B3D00452AAC /* InvRunGame.m in Sources */ = {isa = PBXBuildFile; fileRef = 5212AE0C0CE75B3D00452AAC /* InvRunGame.m */; };
		5212AE100CE75B3D00452AAC /* InvGameScreenController.m in Sources */ = {isa = PBXBuildFile; fileRef = 5212AE0E0CE75B3D00452AAC /* InvGameScreenController.m */; };
		5212AE5C0CE75D2500452AAC /* game_screen.m in Sources */ = {isa = PBXBuildFile; fileRef = 5212AE570CE75D2500452AAC /* game_screen.m */; };
		5212AE5D0CE75D2500452AAC /* soundfx.m in Sources */ = {isa = PBXBuildFile; fileRef = 5212AE580CE75D2500452AAC /* soundfx.m */; };
		5212AE5E0CE75D2500452AAC /* myrand.m in Sources */ = {isa = PBXBuildFile; fileRef = 5212AE5A0CE75D2500452AAC /* myrand.m */; };
		5212AF300CE75DBF00452AAC /* CoreAudio.framework in Frameworks */ = {isa = PBXBuildFile; fileRef = 5212AF2F0CE75DBF00452AAC /* CoreAudio.framework */; };
		5212AF4B0CE75F6100452AAC /* main_game.m in Sources */ = {isa = PBXBuildFile; fileRef = 5212AE160CE75B4C00452AAC /* main_game.m */; };
		5212AF4C0CE75F6900452AAC /* bitmap.m in Sources */ = {isa = PBXBuildFile; fileRef = 5212AE110CE75B4C00452AAC /* bitmap.m */; };
		5212AF4D0CE75F6A00452AAC /* invaders.m in Sources */ = {isa = PBXBuildFile; fileRef = 5212AE140CE75B4C00452AAC /* invaders.m */; };
		5212AF4E0CE75F6B00452AAC /* missiles.m in Sources */ = {isa = PBXBuildFile; fileRef = 5212AE170CE75B4C00452AAC /* missiles.m */; };
		5212AF4F0CE75F6C00452AAC /* round.m in Sources */ = {isa = PBXBuildFile; fileRef = 5212AE190CE75B4C00452AAC /* round.m */; };
		5212AF500CE75F6D00452AAC /* score.m in Sources */ = {isa = PBXBuildFile; fileRef = 5212AE1B0CE75B4C00452AAC /* score.m */; };
		5212AF510CE75F6E00452AAC /* shield.m in Sources */ = {isa = PBXBuildFile; fileRef = 5212AE1D0CE75B4C00452AAC /* shield.m */; };
		5212AF520CE75F6E00452AAC /* ship.m in Sources */ = {isa = PBXBuildFile; fileRef = 5212AE1F0CE75B4C00452AAC /* ship.m */; };
		5212AF530CE75F6F00452AAC /* ufo.m in Sources */ = {isa = PBXBuildFile; fileRef = 5212AE220CE75B4C00452AAC /* ufo.m */; };
		5212AF890CE760DF00452AAC /* uexpl.iff in Resources */ = {isa = PBXBuildFile; fileRef = 5212AF7D0CE760DE00452AAC /* uexpl.iff */; };
		5212AF8A0CE760DF00452AAC /* expl.iff in Resources */ = {isa = PBXBuildFile; fileRef = 5212AF7E0CE760DE00452AAC /* expl.iff */; };
		5212AF8B0CE760DF00452AAC /* go.iff in Resources */ = {isa = PBXBuildFile; fileRef = 5212AF7F0CE760DE00452AAC /* go.iff */; };
		5212AF8C0CE760DF00452AAC /* rdrip.iff in Resources */ = {isa = PBXBuildFile; fileRef = 5212AF800CE760DF00452AAC /* rdrip.iff */; };
		5212AF8D0CE760DF00452AAC /* gurp.iff in Resources */ = {isa = PBXBuildFile; fileRef = 5212AF810CE760DF00452AAC /* gurp.iff */; };
		5212AF8E0CE760DF00452AAC /* inv in Resources */ = {isa = PBXBuildFile; fileRef = 5212AF820CE760DF00452AAC /* inv */; };
		5212AF8F0CE760DF00452AAC /* shield in Resources */ = {isa = PBXBuildFile; fileRef = 5212AF830CE760DF00452AAC /* shield */; };
		5212AF900CE760DF00452AAC /* sm.iff in Resources */ = {isa = PBXBuildFile; fileRef = 5212AF840CE760DF00452AAC /* sm.iff */; };
		5212AF910CE760DF00452AAC /* ufo in Resources */ = {isa = PBXBuildFile; fileRef = 5212AF850CE760DF00452AAC /* ufo */; };
		5212AF920CE760DF00452AAC /* wohoo.iff in Resources */ = {isa = PBXBuildFile; fileRef = 5212AF860CE760DF00452AAC /* wohoo.iff */; };
		5212AF930CE760DF00452AAC /* ship in Resources */ = {isa = PBXBuildFile; fileRef = 5212AF870CE760DF00452AAC /* ship */; };
		5212AFA30CE761B700452AAC /* InvGameScreen.nib in Resources */ = {isa = PBXBuildFile; fileRef = 5212AFA10CE761B700452AAC /* InvGameScreen.nib */; };
		52AE0A4228733B6800866402 /* MacInvaders09.icns in Resources */ = {isa = PBXBuildFile; fileRef = 52AE0A4128733B6800866402 /* MacInvaders09.icns */; };
		52AE0A4628733D3E00866402 /* MainMenu.xib in Resources */ = {isa = PBXBuildFile; fileRef = 52AE0A4428733D3E00866402 /* MainMenu.xib */; };
		8D11072B0486CEB800E47090 /* InfoPlist.strings in Resources */ = {isa = PBXBuildFile; fileRef = 089C165CFE840E0CC02AAC07 /* InfoPlist.strings */; };
		8D11072D0486CEB800E47090 /* main.m in Sources */ = {isa = PBXBuildFile; fileRef = 29B97316FDCFA39411CA2CEA /* main.m */; settings = {ATTRIBUTES = (); }; };
		8D11072F0486CEB800E47090 /* Cocoa.framework in Frameworks */ = {isa = PBXBuildFile; fileRef = 1058C7A1FEA54F0111CA2CBB /* Cocoa.framework */; };
/* End PBXBuildFile section */

/* Begin PBXFileReference section */
		1058C7A1FEA54F0111CA2CBB /* Cocoa.framework */ = {isa = PBXFileReference; lastKnownFileType = wrapper.framework; name = Cocoa.framework; path = /System/Library/Frameworks/Cocoa.framework; sourceTree = "<absolute>"; };
		13E42FB307B3F0F600E4EEF1 /* CoreData.framework */ = {isa = PBXFileReference; lastKnownFileType = wrapper.framework; name = CoreData.framework; path = /System/Library/Frameworks/CoreData.framework; sourceTree = "<absolute>"; };
		29B97316FDCFA39411CA2CEA /* main.m */ = {isa = PBXFileReference; fileEncoding = 4; lastKnownFileType = sourcecode.c.objc; path = main.m; sourceTree = "<group>"; };
		29B97324FDCFA39411CA2CEA /* AppKit.framework */ = {isa = PBXFileReference; lastKnownFileType = wrapper.framework; name = AppKit.framework; path = /System/Library/Frameworks/AppKit.framework; sourceTree = "<absolute>"; };
		29B97325FDCFA39411CA2CEA /* Foundation.framework */ = {isa = PBXFileReference; lastKnownFileType = wrapper.framework; name = Foundation.framework; path = /System/Library/Frameworks/Foundation.framework; sourceTree = "<absolute>"; };
		32CA4F630368D1EE00C91783 /* Invaders_Prefix.pch */ = {isa = PBXFileReference; fileEncoding = 4; lastKnownFileType = sourcecode.c.h; path = Invaders_Prefix.pch; sourceTree = "<group>"; };
		5212AE0B0CE75B3D00452AAC /* InvRunGame.h */ = {isa = PBXFileReference; fileEncoding = 4; lastKnownFileType = sourcecode.c.h; path = InvRunGame.h; sourceTree = "<group>"; };
		5212AE0C0CE75B3D00452AAC /* InvRunGame.m */ = {isa = PBXFileReference; fileEncoding = 4; lastKnownFileType = sourcecode.c.objc; path = InvRunGame.m; sourceTree = "<group>"; };
		5212AE0D0CE75B3D00452AAC /* InvGameScreenController.h */ = {isa = PBXFileReference; fileEncoding = 4; lastKnownFileType = sourcecode.c.h; path = InvGameScreenController.h; sourceTree = "<group>"; };
		5212AE0E0CE75B3D00452AAC /* InvGameScreenController.m */ = {isa = PBXFileReference; fileEncoding = 4; lastKnownFileType = sourcecode.c.objc; path = InvGameScreenController.m; sourceTree = "<group>"; };
		5212AE110CE75B4C00452AAC /* bitmap.m */ = {isa = PBXFileReference; lastKnownFileType = sourcecode.c.objc; path = bitmap.m; sourceTree = "<group>"; };
		5212AE120CE75B4C00452AAC /* bitmap.h */ = {isa = PBXFileReference; lastKnownFileType = sourcecode.c.h; path = bitmap.h; sourceTree = "<group>"; };
		5212AE130CE75B4C00452AAC /* game_screen.h */ = {isa = PBXFileReference; lastKnownFileType = sourcecode.c.h; path = game_screen.h; sourceTree = "<group>"; };
		5212AE140CE75B4C00452AAC /* invaders.m */ = {isa = PBXFileReference; lastKnownFileType = sourcecode.c.objc; path = invaders.m; sourceTree = "<group>"; };
		5212AE150CE75B4C00452AAC /* invaders.h */ = {isa = PBXFileReference; lastKnownFileType = sourcecode.c.h; path = invaders.h; sourceTree = "<group>"; };
		5212AE160CE75B4C00452AAC /* main_game.m */ = {isa = PBXFileReference; lastKnownFileType = sourcecode.c.objc; path = main_game.m; sourceTree = "<group>"; };
		5212AE170CE75B4C00452AAC /* missiles.m */ = {isa = PBXFileReference; lastKnownFileType = sourcecode.c.objc; path = missiles.m; sourceTree = "<group>"; };
		5212AE180CE75B4C00452AAC /* missiles.h */ = {isa = PBXFileReference; lastKnownFileType = sourcecode.c.h; path = missiles.h; sourceTree = "<group>"; };
		5212AE190CE75B4C00452AAC /* round.m */ = {isa = PBXFileReference; lastKnownFileType = sourcecode.c.objc; path = round.m; sourceTree = "<group>"; };
		5212AE1A0CE75B4C00452AAC /* round.h */ = {isa = PBXFileReference; lastKnownFileType = sourcecode.c.h; path = round.h; sourceTree = "<group>"; };
		5212AE1B0CE75B4C00452AAC /* score.m */ = {isa = PBXFileReference; lastKnownFileType = sourcecode.c.objc; path = score.m; sourceTree = "<group>"; };
		5212AE1C0CE75B4C00452AAC /* score.h */ = {isa = PBXFileReference; lastKnownFileType = sourcecode.c.h; path = score.h; sourceTree = "<group>"; };
		5212AE1D0CE75B4C00452AAC /* shield.m */ = {isa = PBXFileReference; lastKnownFileType = sourcecode.c.objc; path = shield.m; sourceTree = "<group>"; };
		5212AE1E0CE75B4C00452AAC /* shield.h */ = {isa = PBXFileReference; lastKnownFileType = sourcecode.c.h; path = shield.h; sourceTree = "<group>"; };
		5212AE1F0CE75B4C00452AAC /* ship.m */ = {isa = PBXFileReference; lastKnownFileType = sourcecode.c.objc; path = ship.m; sourceTree = "<group>"; };
		5212AE200CE75B4C00452AAC /* ship.h */ = {isa = PBXFileReference; lastKnownFileType = sourcecode.c.h; path = ship.h; sourceTree = "<group>"; };
		5212AE210CE75B4C00452AAC /* soundfx.h */ = {isa = PBXFileReference; lastKnownFileType = sourcecode.c.h; path = soundfx.h; sourceTree = "<group>"; };
		5212AE220CE75B4C00452AAC /* ufo.m */ = {isa = PBXFileReference; lastKnownFileType = sourcecode.c.objc; path = ufo.m; sourceTree = "<group>"; };
		5212AE230CE75B4C00452AAC /* ufo.h */ = {isa = PBXFileReference; lastKnownFileType = sourcecode.c.h; path = ufo.h; sourceTree = "<group>"; };
		5212AE560CE75D2500452AAC /* os_dependent.h */ = {isa = PBXFileReference; fileEncoding = 4; lastKnownFileType = sourcecode.c.h; path = os_dependent.h; sourceTree = "<group>"; };
		5212AE570CE75D2500452AAC /* game_screen.m */ = {isa = PBXFileReference; fileEncoding = 4; lastKnownFileType = sourcecode.c.objc; path = game_screen.m; sourceTree = "<group>"; };
		5212AE580CE75D2500452AAC /* soundfx.m */ = {isa = PBXFileReference; fileEncoding = 4; lastKnownFileType = sourcecode.c.objc; path = soundfx.m; sourceTree = "<group>"; };
		5212AE590CE75D2500452AAC /* main_game.h */ = {isa = PBXFileReference; fileEncoding = 4; lastKnownFileType = sourcecode.c.h; path = main_game.h; sourceTree = "<group>"; };
		5212AE5A0CE75D2500452AAC /* myrand.m */ = {isa = PBXFileReference; fileEncoding = 4; lastKnownFileType = sourcecode.c.objc; path = myrand.m; sourceTree = "<group>"; };
		5212AE5B0CE75D2500452AAC /* myrand.h */ = {isa = PBXFileReference; fileEncoding = 4; lastKnownFileType = sourcecode.c.h; path = myrand.h; sourceTree = "<group>"; };
		5212AF2F0CE75DBF00452AAC /* CoreAudio.framework */ = {isa = PBXFileReference; lastKnownFileType = wrapper.framework; name = CoreAudio.framework; path = /System/Library/Frameworks/CoreAudio.framework; sourceTree = "<absolute>"; };
		5212AF7D0CE760DE00452AAC /* uexpl.iff */ = {isa = PBXFileReference; lastKnownFileType = file; path = uexpl.iff; sourceTree = "<group>"; };
		5212AF7E0CE760DE00452AAC /* expl.iff */ = {isa = PBXFileReference; lastKnownFileType = file; path = expl.iff; sourceTree = "<group>"; };
		5212AF7F0CE760DE00452AAC /* go.iff */ = {isa = PBXFileReference; lastKnownFileType = file; path = go.iff; sourceTree = "<group>"; };
		5212AF800CE760DF00452AAC /* rdrip.iff */ = {isa = PBXFileReference; lastKnownFileType = file; path = rdrip.iff; sourceTree = "<group>"; };
		5212AF810CE760DF00452AAC /* gurp.iff */ = {isa = PBXFileReference; lastKnownFileType = file; path = gurp.iff; sourceTree = "<group>"; };
		5212AF820CE760DF00452AAC /* inv */ = {isa = PBXFileReference; fileEncoding = 4; lastKnownFileType = text; path = inv; sourceTree = "<group>"; };
		5212AF830CE760DF00452AAC /* shield */ = {isa = PBXFileReference; fileEncoding = 4; lastKnownFileType = text; path = shield; sourceTree = "<group>"; };
		5212AF840CE760DF00452AAC /* sm.iff */ = {isa = PBXFileReference; lastKnownFileType = file; path = sm.iff; sourceTree = "<group>"; };
		5212AF850CE760DF00452AAC /* ufo */ = {isa = PBXFileReference; fileEncoding = 4; lastKnownFileType = text; path = ufo; sourceTree = "<group>"; };
		5212AF860CE760DF00452AAC /* wohoo.iff */ = {isa = PBXFileReference; lastKnownFileType = file; path = wohoo.iff; sourceTree = "<group>"; };
		5212AF870CE760DF00452AAC /* ship */ = {isa = PBXFileReference; fileEncoding = 4; lastKnownFileType = text; path = ship; sourceTree = "<group>"; };
		52A7E94B23B6AABD002F3F95 /* en */ = {isa = PBXFileReference; lastKnownFileType = text.plist.strings; name = en; path = en.lproj/InfoPlist.strings; sourceTree = "<group>"; };
		52A7E94F23B6AAC0002F3F95 /* Base */ = {isa = PBXFileReference; lastKnownFileType = wrapper.nib; name = Base; path = Base.lproj/InvGameScreen.nib; sourceTree = "<group>"; };
		52AE0A4128733B6800866402 /* MacInvaders09.icns */ = {isa = PBXFileReference; lastKnownFileType = image.icns; path = MacInvaders09.icns; sourceTree = "<group>"; };
		52AE0A4528733D3E00866402 /* Base */ = {isa = PBXFileReference; lastKnownFileType = file.xib; name = Base; path = Base.lproj/MainMenu.xib; sourceTree = "<group>"; };
		8D1107310486CEB800E47090 /* Info.plist */ = {isa = PBXFileReference; fileEncoding = 4; lastKnownFileType = text.plist.xml; path = Info.plist; sourceTree = "<group>"; };
		8D1107320486CEB800E47090 /* MacInvaders09.app */ = {isa = PBXFileReference; explicitFileType = wrapper.application; includeInIndex = 0; path = MacInvaders09.app; sourceTree = BUILT_PRODUCTS_DIR; };
/* End PBXFileReference section */

/* Begin PBXFrameworksBuildPhase section */
		8D11072E0486CEB800E47090 /* Frameworks */ = {
			isa = PBXFrameworksBuildPhase;
			buildActionMask = 2147483647;
			files = (
				8D11072F0486CEB800E47090 /* Cocoa.framework in Frameworks */,
				5212AF300CE75DBF00452AAC /* CoreAudio.framework in Frameworks */,
			);
			runOnlyForDeploymentPostprocessing = 0;
		};
/* End PBXFrameworksBuildPhase section */

/* Begin PBXGroup section */
		080E96DDFE201D6D7F000001 /* Classes */ = {
			isa = PBXGroup;
			children = (
				5212AE0B0CE75B3D00452AAC /* InvRunGame.h */,
				5212AE0C0CE75B3D00452AAC /* InvRunGame.m */,
				5212AE0D0CE75B3D00452AAC /* InvGameScreenController.h */,
				5212AE0E0CE75B3D00452AAC /* InvGameScreenController.m */,
			);
			name = Classes;
			sourceTree = "<group>";
		};
		1058C7A0FEA54F0111CA2CBB /* Linked Frameworks */ = {
			isa = PBXGroup;
			children = (
				1058C7A1FEA54F0111CA2CBB /* Cocoa.framework */,
			);
			name = "Linked Frameworks";
			sourceTree = "<group>";
		};
		1058C7A2FEA54F0111CA2CBB /* Other Frameworks */ = {
			isa = PBXGroup;
			children = (
				5212AF2F0CE75DBF00452AAC /* CoreAudio.framework */,
				29B97324FDCFA39411CA2CEA /* AppKit.framework */,
				13E42FB307B3F0F600E4EEF1 /* CoreData.framework */,
				29B97325FDCFA39411CA2CEA /* Foundation.framework */,
			);
			name = "Other Frameworks";
			sourceTree = "<group>";
		};
		19C28FACFE9D520D11CA2CBB /* Products */ = {
			isa = PBXGroup;
			children = (
				8D1107320486CEB800E47090 /* MacInvaders09.app */,
			);
			name = Products;
			sourceTree = "<group>";
		};
		29B97314FDCFA39411CA2CEA /* Invaders */ = {
			isa = PBXGroup;
			children = (
				080E96DDFE201D6D7F000001 /* Classes */,
				29B97315FDCFA39411CA2CEA /* Other Sources */,
				29B97317FDCFA39411CA2CEA /* Resources */,
				29B97323FDCFA39411CA2CEA /* Frameworks */,
				19C28FACFE9D520D11CA2CBB /* Products */,
			);
			name = Invaders;
			sourceTree = "<group>";
		};
		29B97315FDCFA39411CA2CEA /* Other Sources */ = {
			isa = PBXGroup;
			children = (
				5212AE560CE75D2500452AAC /* os_dependent.h */,
				5212AE570CE75D2500452AAC /* game_screen.m */,
				5212AE580CE75D2500452AAC /* soundfx.m */,
				5212AE590CE75D2500452AAC /* main_game.h */,
				5212AE5A0CE75D2500452AAC /* myrand.m */,
				5212AE5B0CE75D2500452AAC /* myrand.h */,
				5212AE110CE75B4C00452AAC /* bitmap.m */,
				5212AE120CE75B4C00452AAC /* bitmap.h */,
				5212AE130CE75B4C00452AAC /* game_screen.h */,
				5212AE140CE75B4C00452AAC /* invaders.m */,
				5212AE150CE75B4C00452AAC /* invaders.h */,
				5212AE160CE75B4C00452AAC /* main_game.m */,
				5212AE170CE75B4C00452AAC /* missiles.m */,
				5212AE180CE75B4C00452AAC /* missiles.h */,
				5212AE190CE75B4C00452AAC /* round.m */,
				5212AE1A0CE75B4C00452AAC /* round.h */,
				5212AE1B0CE75B4C00452AAC /* score.m */,
				5212AE1C0CE75B4C00452AAC /* score.h */,
				5212AE1D0CE75B4C00452AAC /* shield.m */,
				5212AE1E0CE75B4C00452AAC /* shield.h */,
				5212AE1F0CE75B4C00452AAC /* ship.m */,
				5212AE200CE75B4C00452AAC /* ship.h */,
				5212AE210CE75B4C00452AAC /* soundfx.h */,
				5212AE220CE75B4C00452AAC /* ufo.m */,
				5212AE230CE75B4C00452AAC /* ufo.h */,
				32CA4F630368D1EE00C91783 /* Invaders_Prefix.pch */,
				29B97316FDCFA39411CA2CEA /* main.m */,
			);
			name = "Other Sources";
			sourceTree = "<group>";
		};
		29B97317FDCFA39411CA2CEA /* Resources */ = {
			isa = PBXGroup;
			children = (
				52AE0A4428733D3E00866402 /* MainMenu.xib */,
				52AE0A4128733B6800866402 /* MacInvaders09.icns */,
				5212AF7D0CE760DE00452AAC /* uexpl.iff */,
				5212AF7E0CE760DE00452AAC /* expl.iff */,
				5212AF7F0CE760DE00452AAC /* go.iff */,
				5212AF800CE760DF00452AAC /* rdrip.iff */,
				5212AF810CE760DF00452AAC /* gurp.iff */,
				5212AF820CE760DF00452AAC /* inv */,
				5212AF830CE760DF00452AAC /* shield */,
				5212AF840CE760DF00452AAC /* sm.iff */,
				5212AF850CE760DF00452AAC /* ufo */,
				5212AF860CE760DF00452AAC /* wohoo.iff */,
				5212AF870CE760DF00452AAC /* ship */,
				8D1107310486CEB800E47090 /* Info.plist */,
				089C165CFE840E0CC02AAC07 /* InfoPlist.strings */,
				5212AFA10CE761B700452AAC /* InvGameScreen.nib */,
			);
			name = Resources;
			sourceTree = "<group>";
		};
		29B97323FDCFA39411CA2CEA /* Frameworks */ = {
			isa = PBXGroup;
			children = (
				1058C7A0FEA54F0111CA2CBB /* Linked Frameworks */,
				1058C7A2FEA54F0111CA2CBB /* Other Frameworks */,
			);
			name = Frameworks;
			sourceTree = "<group>";
		};
/* End PBXGroup section */

/* Begin PBXNativeTarget section */
		8D1107260486CEB800E47090 /* MacInvaders09 */ = {
			isa = PBXNativeTarget;
			buildConfigurationList = C01FCF4A08A954540054247B /* Build configuration list for PBXNativeTarget "MacInvaders09" */;
			buildPhases = (
				8D1107290486CEB800E47090 /* Resources */,
				8D11072C0486CEB800E47090 /* Sources */,
				8D11072E0486CEB800E47090 /* Frameworks */,
			);
			buildRules = (
			);
			dependencies = (
			);
			name = MacInvaders09;
			productInstallPath = "$(HOME)/Applications";
			productName = Invaders;
			productReference = 8D1107320486CEB800E47090 /* MacInvaders09.app */;
			productType = "com.apple.product-type.application";
		};
/* End PBXNativeTarget section */

/* Begin PBXProject section */
		29B97313FDCFA39411CA2CEA /* Project object */ = {
			isa = PBXProject;
			attributes = {
				LastUpgradeCheck = 1320;
			};
			buildConfigurationList = C01FCF4E08A954540054247B /* Build configuration list for PBXProject "MacInvaders09" */;
			compatibilityVersion = "Xcode 3.0";
			developmentRegion = en;
			hasScannedForEncodings = 1;
			knownRegions = (
				en,
				Base,
			);
			mainGroup = 29B97314FDCFA39411CA2CEA /* Invaders */;
			projectDirPath = "";
			projectRoot = "";
			targets = (
				8D1107260486CEB800E47090 /* MacInvaders09 */,
			);
		};
/* End PBXProject section */

/* Begin PBXResourcesBuildPhase section */
		8D1107290486CEB800E47090 /* Resources */ = {
			isa = PBXResourcesBuildPhase;
			buildActionMask = 2147483647;
			files = (
				8D11072B0486CEB800E47090 /* InfoPlist.strings in Resources */,
				5212AF890CE760DF00452AAC /* uexpl.iff in Resources */,
				52AE0A4228733B6800866402 /* MacInvaders09.icns in Resources */,
				5212AF8A0CE760DF00452AAC /* expl.iff in Resources */,
				5212AF8B0CE760DF00452AAC /* go.iff in Resources */,
				5212AF8C0CE760DF00452AAC /* rdrip.iff in Resources */,
				5212AF8D0CE760DF00452AAC /* gurp.iff in Resources */,
				5212AF8E0CE760DF00452AAC /* inv in Resources */,
				5212AF8F0CE760DF00452AAC /* shield in Resources */,
				5212AF900CE760DF00452AAC /* sm.iff in Resources */,
				5212AF910CE760DF00452AAC /* ufo in Resources */,
				52AE0A4628733D3E00866402 /* MainMenu.xib in Resources */,
				5212AF920CE760DF00452AAC /* wohoo.iff in Resources */,
				5212AF930CE760DF00452AAC /* ship in Resources */,
				5212AFA30CE761B700452AAC /* InvGameScreen.nib in Resources */,
			);
			runOnlyForDeploymentPostprocessing = 0;
		};
/* End PBXResourcesBuildPhase section */

/* Begin PBXSourcesBuildPhase section */
		8D11072C0486CEB800E47090 /* Sources */ = {
			isa = PBXSourcesBuildPhase;
			buildActionMask = 2147483647;
			files = (
				8D11072D0486CEB800E47090 /* main.m in Sources */,
				5212AE0F0CE75B3D00452AAC /* InvRunGame.m in Sources */,
				5212AE100CE75B3D00452AAC /* InvGameScreenController.m in Sources */,
				5212AE5C0CE75D2500452AAC /* game_screen.m in Sources */,
				5212AE5D0CE75D2500452AAC /* soundfx.m in Sources */,
				5212AE5E0CE75D2500452AAC /* myrand.m in Sources */,
				5212AF4B0CE75F6100452AAC /* main_game.m in Sources */,
				5212AF4C0CE75F6900452AAC /* bitmap.m in Sources */,
				5212AF4D0CE75F6A00452AAC /* invaders.m in Sources */,
				5212AF4E0CE75F6B00452AAC /* missiles.m in Sources */,
				5212AF4F0CE75F6C00452AAC /* round.m in Sources */,
				5212AF500CE75F6D00452AAC /* score.m in Sources */,
				5212AF510CE75F6E00452AAC /* shield.m in Sources */,
				5212AF520CE75F6E00452AAC /* ship.m in Sources */,
				5212AF530CE75F6F00452AAC /* ufo.m in Sources */,
			);
			runOnlyForDeploymentPostprocessing = 0;
		};
/* End PBXSourcesBuildPhase section */

/* Begin PBXVariantGroup section */
		089C165CFE840E0CC02AAC07 /* InfoPlist.strings */ = {
			isa = PBXVariantGroup;
			children = (
				52A7E94B23B6AABD002F3F95 /* en */,
			);
			name = InfoPlist.strings;
			sourceTree = "<group>";
		};
		5212AFA10CE761B700452AAC /* InvGameScreen.nib */ = {
			isa = PBXVariantGroup;
			children = (
				52A7E94F23B6AAC0002F3F95 /* Base */,
			);
			name = InvGameScreen.nib;
			sourceTree = "<group>";
		};
		52AE0A4428733D3E00866402 /* MainMenu.xib */ = {
			isa = PBXVariantGroup;
			children = (
				52AE0A4528733D3E00866402 /* Base */,
			);
			name = MainMenu.xib;
			sourceTree = "<group>";
		};
/* End PBXVariantGroup section */

/* Begin XCBuildConfiguration section */
		C01FCF4B08A954540054247B /* Debug */ = {
			isa = XCBuildConfiguration;
			buildSettings = {
				CLANG_ENABLE_OBJC_WEAK = YES;
				CODE_SIGN_IDENTITY = "-";
				COPY_PHASE_STRIP = NO;
				GCC_DYNAMIC_NO_PIC = NO;
				GCC_MODEL_TUNING = G5;
				GCC_OPTIMIZATION_LEVEL = 0;
				GCC_PRECOMPILE_PREFIX_HEADER = YES;
				GCC_PREFIX_HEADER = Invaders_Prefix.pch;
				GCC_VERSION = com.apple.compilers.llvm.clang.1_0;
				INFOPLIST_FILE = Info.plist;
				INSTALL_PATH = "$(HOME)/Applications";
				PRODUCT_BUNDLE_IDENTIFIER = com.subetha.Invaders09;
				PRODUCT_NAME = MacInvaders09;
				SDKROOT = macosx;
				WRAPPER_EXTENSION = app;
				ZERO_LINK = YES;
			};
			name = Debug;
		};
		C01FCF4C08A954540054247B /* Release */ = {
			isa = XCBuildConfiguration;
			buildSettings = {
				CLANG_ENABLE_OBJC_WEAK = YES;
				CODE_SIGN_IDENTITY = "-";
				DEBUG_INFORMATION_FORMAT = "dwarf-with-dsym";
				GCC_MODEL_TUNING = G5;
				GCC_PRECOMPILE_PREFIX_HEADER = YES;
				GCC_PREFIX_HEADER = Invaders_Prefix.pch;
				GCC_VERSION = com.apple.compilers.llvm.clang.1_0;
				INFOPLIST_FILE = Info.plist;
				INSTALL_PATH = "$(HOME)/Applications";
				PRODUCT_BUNDLE_IDENTIFIER = com.subetha.Invaders09;
				PRODUCT_NAME = MacInvaders09;
				SDKROOT = macosx;
				WRAPPER_EXTENSION = app;
			};
			name = Release;
		};
		C01FCF4F08A954540054247B /* Debug */ = {
			isa = XCBuildConfiguration;
			buildSettings = {
				CLANG_ANALYZER_LOCALIZABILITY_NONLOCALIZED = YES;
				CLANG_WARN_BLOCK_CAPTURE_AUTORELEASING = YES;
				CLANG_WARN_BOOL_CONVERSION = YES;
				CLANG_WARN_COMMA = YES;
				CLANG_WARN_CONSTANT_CONVERSION = YES;
				CLANG_WARN_DEPRECATED_OBJC_IMPLEMENTATIONS = YES;
				CLANG_WARN_EMPTY_BODY = YES;
				CLANG_WARN_ENUM_CONVERSION = YES;
				CLANG_WARN_INFINITE_RECURSION = YES;
				CLANG_WARN_INT_CONVERSION = YES;
				CLANG_WARN_NON_LITERAL_NULL_CONVERSION = YES;
				CLANG_WARN_OBJC_IMPLICIT_RETAIN_SELF = YES;
				CLANG_WARN_OBJC_LITERAL_CONVERSION = YES;
				CLANG_WARN_QUOTED_INCLUDE_IN_FRAMEWORK_HEADER = YES;
				CLANG_WARN_RANGE_LOOP_ANALYSIS = YES;
				CLANG_WARN_STRICT_PROTOTYPES = YES;
				CLANG_WARN_SUSPICIOUS_MOVE = YES;
				CLANG_WARN_UNREACHABLE_CODE = YES;
				CLANG_WARN__DUPLICATE_METHOD_MATCH = YES;
				ENABLE_STRICT_OBJC_MSGSEND = YES;
				ENABLE_TESTABILITY = YES;
				GCC_NO_COMMON_BLOCKS = YES;
				GCC_WARN_64_TO_32_BIT_CONVERSION = YES;
				GCC_WARN_ABOUT_RETURN_TYPE = YES;
				GCC_WARN_UNDECLARED_SELECTOR = YES;
				GCC_WARN_UNINITIALIZED_AUTOS = YES;
				GCC_WARN_UNUSED_FUNCTION = YES;
				GCC_WARN_UNUSED_VARIABLE = YES;
				HEADER_SEARCH_PATHS = "";
				MACOSX_DEPLOYMENT_TARGET = 10.10;
				ONLY_ACTIVE_ARCH = NO;
				SCAN_ALL_SOURCE_FILES_FOR_INCLUDES = YES;
				SDKROOT = "$(DEVELOPER_SDK_DIR)/MacOSX10.5.sdk";
				USE_HEADERMAP = NO;
			};
			name = Debug;
		};
		C01FCF5008A954540054247B /* Release */ = {
			isa = XCBuildConfiguration;
			buildSettings = {
				CLANG_ANALYZER_LOCALIZABILITY_NONLOCALIZED = YES;
				CLANG_WARN_BLOCK_CAPTURE_AUTORELEASING = YES;
				CLANG_WARN_BOOL_CONVERSION = YES;
				CLANG_WARN_COMMA = YES;
				CLANG_WARN_CONSTANT_CONVERSION = YES;
				CLANG_WARN_DEPRECATED_OBJC_IMPLEMENTATIONS = YES;
				CLANG_WARN_EMPTY_BODY = YES;
				CLANG_WARN_ENUM_CONVERSION = YES;
				CLANG_WARN_INFINITE_RECURSION = YES;
				CLANG_WARN_INT_CONVERSION = YES;
				CLANG_WARN_NON_LITERAL_NULL_CONVERSION = YES;
				CLANG_WARN_OBJC_IMPLICIT_RETAIN_SELF = YES;
				CLANG_WARN_OBJC_LITERAL_CONVERSION = YES;
				CLANG_WARN_QUOTED_INCLUDE_IN_FRAMEWORK_HEADER = YES;
				CLANG_WARN_RANGE_LOOP_ANALYSIS = YES;
				CLANG_WARN_STRICT_PROTOTYPES = YES;
				CLANG_WARN_SUSPICIOUS_MOVE = YES;
				CLANG_WARN_UNREACHABLE_CODE = YES;
				CLANG_WARN__DUPLICATE_METHOD_MATCH = YES;
				ENABLE_STRICT_OBJC_MSGSEND = YES;
				GCC_NO_COMMON_BLOCKS = YES;
				GCC_WARN_64_TO_32_BIT_CONVERSION = YES;
				GCC_WARN_ABOUT_RETURN_TYPE = YES;
				GCC_WARN_UNDECLARED_SELECTOR = YES;
				GCC_WARN_UNINITIALIZED_AUTOS = YES;
				GCC_WARN_UNUSED_FUNCTION = YES;
				GCC_WARN_UNUSED_VARIABLE = YES;
				MACOSX_DEPLOYMENT_TARGET = 10.10;
				ONLY_ACTIVE_ARCH = NO;
				SCAN_ALL_SOURCE_FILES_FOR_INCLUDES = YES;
				SDKROOT = "$(DEVELOPER_SDK_DIR)/MacOSX10.5.sdk";
				USE_HEADERMAP = NO;
			};
			name = Release;
		};
/* End XCBuildConfiguration section */

/* Begin XCConfigurationList section */
		C01FCF4A08A954540054247B /* Build configuration list for PBXNativeTarget "MacInvaders09" */ = {
			isa = XCConfigurationList;
			buildConfigurations = (
				C01FCF4B08A954540054247B /* Debug */,
				C01FCF4C08A954540054247B /* Release */,
			);
			defaultConfigurationIsVisible = 0;
			defaultConfigurationName = Release;
		};
		C01FCF4E08A954540054247B /* Build configuration list for PBXProject "MacInvaders09" */ = {
			isa = XCConfigurationList;
			buildConfigurations = (
				C01FCF4F08A954540054247B /* Debug */,
				C01FCF5008A954540054247B /* Release */,
			);
			defaultConfigurationIsVisible = 0;
			defaultConfigurationName = Release;
		};
/* End XCConfigurationList section */
	};
	rootObject = 29B97313FDCFA39411CA2CEA /* Project object */;
}
